// !$*UTF8*$!
{
	archiveVersion = 1;
	classes = {
	};
	objectVersion = 77;
	objects = {

/* Begin PBXBuildFile section */
		849FE7FD2F51552E00547C14 /* Assets.xcassets in Resources */ = {isa = PBXBuildFile; fileRef = 849FE7F92F51552E00547C14 /* Assets.xcassets */; };
		849FE7FE2F51552E00547C14 /* Background.swift in Sources */ = {isa = PBXBuildFile; fileRef = 849FE7F12F51552E00547C14 /* Background.swift */; };
		849FE7FF2F51552E00547C14 /* BottomToolbar.swift in Sources */ = {isa = PBXBuildFile; fileRef = 849FE7F22F51552E00547C14 /* BottomToolbar.swift */; };
		849FE8002F51552E00547C14 /* CategoryTabs.swift in Sources */ = {isa = PBXBuildFile; fileRef = 849FE7F32F51552E00547C14 /* CategoryTabs.swift */; };
		849FE8012F51552E00547C14 /* MusicNote.swift in Sources */ = {isa = PBXBuildFile; fileRef = 849FE7F42F51552E00547C14 /* MusicNote.swift */; };
		849FE8022F51552E00547C14 /* PlaybackControls.swift in Sources */ = {isa = PBXBuildFile; fileRef = 849FE7F52F51552E00547C14 /* PlaybackControls.swift */; };
		849FE8032F51552E00547C14 /* ProgressBar.swift in Sources */ = {isa = PBXBuildFile; fileRef = 849FE7F62F51552E00547C14 /* ProgressBar.swift */; };
		849FE8042F51552E00547C14 /* VolumeSlider.swift in Sources */ = {isa = PBXBuildFile; fileRef = 849FE7F72F51552E00547C14 /* VolumeSlider.swift */; };
		849FE8052F51552E00547C14 /* ContentView.swift in Sources */ = {isa = PBXBuildFile; fileRef = 849FE7FA2F51552E00547C14 /* ContentView.swift */; };
		849FE8062F51552E00547C14 /* Ejercicio1MusicApp.swift in Sources */ = {isa = PBXBuildFile; fileRef = 849FE7FB2F51552E00547C14 /* Ejercicio1MusicApp.swift */; };
/* End PBXBuildFile section */

/* Begin PBXFileReference section */
		849FE7F12F51552E00547C14 /* Background.swift */ = {isa = PBXFileReference; lastKnownFileType = sourcecode.swift; path = Background.swift; sourceTree = "<group>"; };
		849FE7F22F51552E00547C14 /* BottomToolbar.swift */ = {isa = PBXFileReference; lastKnownFileType = sourcecode.swift; path = BottomToolbar.swift; sourceTree = "<group>"; };
		849FE7F32F51552E00547C14 /* CategoryTabs.swift */ = {isa = PBXFileReference; lastKnownFileType = sourcecode.swift; path = CategoryTabs.swift; sourceTree = "<group>"; };
		849FE7F42F51552E00547C14 /* MusicNote.swift */ = {isa = PBXFileReference; lastKnownFileType = sourcecode.swift; path = MusicNote.swift; sourceTree = "<group>"; };
		849FE7F52F51552E00547C14 /* PlaybackControls.swift */ = {isa = PBXFileReference; lastKnownFileType = sourcecode.swift; path = PlaybackControls.swift; sourceTree = "<group>"; };
		849FE7F62F51552E00547C14 /* ProgressBar.swift */ = {isa = PBXFileReference; lastKnownFileType = sourcecode.swift; path = ProgressBar.swift; sourceTree = "<group>"; };
		849FE7F72F51552E00547C14 /* VolumeSlider.swift */ = {isa = PBXFileReference; lastKnownFileType = sourcecode.swift; path = VolumeSlider.swift; sourceTree = "<group>"; };
		849FE7F92F51552E00547C14 /* Assets.xcassets */ = {isa = PBXFileReference; lastKnownFileType = folder.assetcatalog; path = Assets.xcassets; sourceTree = "<group>"; };
		849FE7FA2F51552E00547C14 /* ContentView.swift */ = {isa = PBXFileReference; lastKnownFileType = sourcecode.swift; path = ContentView.swift; sourceTree = "<group>"; };
		849FE7FB2F51552E00547C14 /* Ejercicio1MusicApp.swift */ = {isa = PBXFileReference; lastKnownFileType = sourcecode.swift; path = Ejercicio1MusicApp.swift; sourceTree = "<group>"; };
		84A0EA4A2EB4E492007FEE93 /* Ejercicio1Music.app */ = {isa = PBXFileReference; explicitFileType = wrapper.application; includeInIndex = 0; path = Ejercicio1Music.app; sourceTree = BUILT_PRODUCTS_DIR; };
/* End PBXFileReference section */

/* Begin PBXFrameworksBuildPhase section */
		84A0EA472EB4E492007FEE93 /* Frameworks */ = {
			isa = PBXFrameworksBuildPhase;
			buildActionMask = 2147483647;
			files = (
			);
			runOnlyForDeploymentPostprocessing = 0;
		};
/* End PBXFrameworksBuildPhase section */

/* Begin PBXGroup section */
		849FE7F82F51552E00547C14 /* Components */ = {
			isa = PBXGroup;
			children = (
				849FE7F12F51552E00547C14 /* Background.swift */,
				849FE7F22F51552E00547C14 /* BottomToolbar.swift */,
				849FE7F32F51552E00547C14 /* CategoryTabs.swift */,
				849FE7F42F51552E00547C14 /* MusicNote.swift */,
				849FE7F52F51552E00547C14 /* PlaybackControls.swift */,
				849FE7F62F51552E00547C14 /* ProgressBar.swift */,
				849FE7F72F51552E00547C14 /* VolumeSlider.swift */,
			);
			path = Components;
			sourceTree = "<group>";
		};
		849FE7FC2F51552E00547C14 /* Ejercicio1Music */ = {
			isa = PBXGroup;
			children = (
				849FE7FA2F51552E00547C14 /* ContentView.swift */,
				849FE7FB2F51552E00547C14 /* Ejercicio1MusicApp.swift */,
				849FE7F82F51552E00547C14 /* Components */,
				849FE7F92F51552E00547C14 /* Assets.xcassets */,
			);
			path = Ejercicio1Music;
			sourceTree = "<group>";
		};
		84A0EA412EB4E492007FEE93 = {
			isa = PBXGroup;
			children = (
				849FE7FC2F51552E00547C14 /* Ejercicio1Music */,
				84A0EA4B2EB4E492007FEE93 /* Products */,
			);
			sourceTree = "<group>";
		};
		84A0EA4B2EB4E492007FEE93 /* Products */ = {
			isa = PBXGroup;
			children = (
				84A0EA4A2EB4E492007FEE93 /* Ejercicio1Music.app */,
			);
			name = Products;
			sourceTree = "<group>";
		};
/* End PBXGroup section */

/* Begin PBXNativeTarget section */
		84A0EA492EB4E492007FEE93 /* Ejercicio1Music */ = {
			isa = PBXNativeTarget;
			buildConfigurationList = 84A0EA552EB4E494007FEE93 /* Build configuration list for PBXNativeTarget "Ejercicio1Music" */;
			buildPhases = (
				84A0EA462EB4E492007FEE93 /* Sources */,
				84A0EA472EB4E492007FEE93 /* Frameworks */,
				84A0EA482EB4E492007FEE93 /* Resources */,
			);
			buildRules = (
			);
			dependencies = (
			);
			name = Ejercicio1Music;
			packageProductDependencies = (
			);
			productName = Ejercicio1Music;
			productReference = 84A0EA4A2EB4E492007FEE93 /* Ejercicio1Music.app */;
			productType = "com.apple.product-type.application";
		};
/* End PBXNativeTarget section */

/* Begin PBXProject section */
		84A0EA422EB4E492007FEE93 /* Project object */ = {
			isa = PBXProject;
			attributes = {
				BuildIndependentTargetsInParallel = 1;
				LastSwiftUpdateCheck = 2600;
				LastUpgradeCheck = 2620;
				TargetAttributes = {
					84A0EA492EB4E492007FEE93 = {
						CreatedOnToolsVersion = 26.0.1;
					};
				};
			};
			buildConfigurationList = 84A0EA452EB4E492007FEE93 /* Build configuration list for PBXProject "Ejercicio1Music" */;
			developmentRegion = en;
			hasScannedForEncodings = 0;
			knownRegions = (
				en,
				Base,
			);
			mainGroup = 84A0EA412EB4E492007FEE93;
			minimizedProjectReferenceProxies = 1;
			preferredProjectObjectVersion = 77;
			productRefGroup = 84A0EA4B2EB4E492007FEE93 /* Products */;
			projectDirPath = "";
			projectRoot = "";
			targets = (
				84A0EA492EB4E492007FEE93 /* Ejercicio1Music */,
			);
		};
/* End PBXProject section */

/* Begin PBXResourcesBuildPhase section */
		84A0EA482EB4E492007FEE93 /* Resources */ = {
			isa = PBXResourcesBuildPhase;
			buildActionMask = 2147483647;
			files = (
				849FE7FD2F51552E00547C14 /* Assets.xcassets in Resources */,
			);
			runOnlyForDeploymentPostprocessing = 0;
		};
/* End PBXResourcesBuildPhase section */

/* Begin PBXSourcesBuildPhase section */
		84A0EA462EB4E492007FEE93 /* Sources */ = {
			isa = PBXSourcesBuildPhase;
			buildActionMask = 2147483647;
			files = (
				849FE7FE2F51552E00547C14 /* Background.swift in Sources */,
				849FE7FF2F51552E00547C14 /* BottomToolbar.swift in Sources */,
				849FE8002F51552E00547C14 /* CategoryTabs.swift in Sources */,
				849FE8012F51552E00547C14 /* MusicNote.swift in Sources */,
				849FE8022F51552E00547C14 /* PlaybackControls.swift in Sources */,
				849FE8032F51552E00547C14 /* ProgressBar.swift in Sources */,
				849FE8042F51552E00547C14 /* VolumeSlider.swift in Sources */,
				849FE8052F51552E00547C14 /* ContentView.swift in Sources */,
				849FE8062F51552E00547C14 /* Ejercicio1MusicApp.swift in Sources */,
			);
			runOnlyForDeploymentPostprocessing = 0;
		};
/* End PBXSourcesBuildPhase section */

/* Begin XCBuildConfiguration section */
		84A0EA532EB4E494007FEE93 /* Debug */ = {
			isa = XCBuildConfiguration;
			buildSettings = {
				ALWAYS_SEARCH_USER_PATHS = NO;
				ASSETCATALOG_COMPILER_GENERATE_SWIFT_ASSET_SYMBOL_EXTENSIONS = YES;
				CLANG_ANALYZER_NONNULL = YES;
				CLANG_ANALYZER_NUMBER_OBJECT_CONVERSION = YES_AGGRESSIVE;
				CLANG_CXX_LANGUAGE_STANDARD = "gnu++20";
				CLANG_ENABLE_MODULES = YES;
				CLANG_ENABLE_OBJC_ARC = YES;
				CLANG_ENABLE_OBJC_WEAK = YES;
				CLANG_WARN_BLOCK_CAPTURE_AUTORELEASING = YES;
				CLANG_WARN_BOOL_CONVERSION = YES;
				CLANG_WARN_COMMA = YES;
				CLANG_WARN_CONSTANT_CONVERSION = YES;
				CLANG_WARN_DEPRECATED_OBJC_IMPLEMENTATIONS = YES;
				CLANG_WARN_DIRECT_OBJC_ISA_USAGE = YES_ERROR;
				CLANG_WARN_DOCUMENTATION_COMMENTS = YES;
				CLANG_WARN_EMPTY_BODY = YES;
				CLANG_WARN_ENUM_CONVERSION = YES;
				CLANG_WARN_INFINITE_RECURSION = YES;
				CLANG_WARN_INT_CONVERSION = YES;
				CLANG_WARN_NON_LITERAL_NULL_CONVERSION = YES;
				CLANG_WARN_OBJC_IMPLICIT_RETAIN_SELF = YES;
				CLANG_WARN_OBJC_LITERAL_CONVERSION = YES;
				CLANG_WARN_OBJC_ROOT_CLASS = YES_ERROR;
				CLANG_WARN_QUOTED_INCLUDE_IN_FRAMEWORK_HEADER = YES;
				CLANG_WARN_RANGE_LOOP_ANALYSIS = YES;
				CLANG_WARN_STRICT_PROTOTYPES = YES;
				CLANG_WARN_SUSPICIOUS_MOVE = YES;
				CLANG_WARN_UNGUARDED_AVAILABILITY = YES_AGGRESSIVE;
				CLANG_WARN_UNREACHABLE_CODE = YES;
				CLANG_WARN__DUPLICATE_METHOD_MATCH = YES;
				COPY_PHASE_STRIP = NO;
				DEBUG_INFORMATION_FORMAT = dwarf;
				DEVELOPMENT_TEAM = 278P6L85U8;
				ENABLE_STRICT_OBJC_MSGSEND = YES;
				ENABLE_TESTABILITY = YES;
				ENABLE_USER_SCRIPT_SANDBOXING = YES;
				GCC_C_LANGUAGE_STANDARD = gnu17;
				GCC_DYNAMIC_NO_PIC = NO;
				GCC_NO_COMMON_BLOCKS = YES;
				GCC_OPTIMIZATION_LEVEL = 0;
				GCC_PREPROCESSOR_DEFINITIONS = (
					"DEBUG=1",
					"$(inherited)",
				);
				GCC_WARN_64_TO_32_BIT_CONVERSION = YES;
				GCC_WARN_ABOUT_RETURN_TYPE = YES_ERROR;
				GCC_WARN_UNDECLARED_SELECTOR = YES;
				GCC_WARN_UNINITIALIZED_AUTOS = YES_AGGRESSIVE;
				GCC_WARN_UNUSED_FUNCTION = YES;
				GCC_WARN_UNUSED_VARIABLE = YES;
				IPHONEOS_DEPLOYMENT_TARGET = 26.0;
				LOCALIZATION_PREFERS_STRING_CATALOGS = YES;
				MTL_ENABLE_DEBUG_INFO = INCLUDE_SOURCE;
				MTL_FAST_MATH = YES;
				ONLY_ACTIVE_ARCH = YES;
				SDKROOT = iphoneos;
				STRING_CATALOG_GENERATE_SYMBOLS = YES;
				SWIFT_ACTIVE_COMPILATION_CONDITIONS = "DEBUG $(inherited)";
				SWIFT_OPTIMIZATION_LEVEL = "-Onone";
			};
			name = Debug;
		};
		84A0EA542EB4E494007FEE93 /* Release */ = {
			isa = XCBuildConfiguration;
			buildSettings = {
				ALWAYS_SEARCH_USER_PATHS = NO;
				ASSETCATALOG_COMPILER_GENERATE_SWIFT_ASSET_SYMBOL_EXTENSIONS = YES;
				CLANG_ANALYZER_NONNULL = YES;
				CLANG_ANALYZER_NUMBER_OBJECT_CONVERSION = YES_AGGRESSIVE;
				CLANG_CXX_LANGUAGE_STANDARD = "gnu++20";
				CLANG_ENABLE_MODULES = YES;
				CLANG_ENABLE_OBJC_ARC = YES;
				CLANG_ENABLE_OBJC_WEAK = YES;
				CLANG_WARN_BLOCK_CAPTURE_AUTORELEASING = YES;
				CLANG_WARN_BOOL_CONVERSION = YES;
				CLANG_WARN_COMMA = YES;
				CLANG_WARN_CONSTANT_CONVERSION = YES;
				CLANG_WARN_DEPRECATED_OBJC_IMPLEMENTATIONS = YES;
				CLANG_WARN_DIRECT_OBJC_ISA_USAGE = YES_ERROR;
				CLANG_WARN_DOCUMENTATION_COMMENTS = YES;
				CLANG_WARN_EMPTY_BODY = YES;
				CLANG_WARN_ENUM_CONVERSION = YES;
				CLANG_WARN_INFINITE_RECURSION = YES;
				CLANG_WARN_INT_CONVERSION = YES;
				CLANG_WARN_NON_LITERAL_NULL_CONVERSION = YES;
				CLANG_WARN_OBJC_IMPLICIT_RETAIN_SELF = YES;
				CLANG_WARN_OBJC_LITERAL_CONVERSION = YES;
				CLANG_WARN_OBJC_ROOT_CLASS = YES_ERROR;
				CLANG_WARN_QUOTED_INCLUDE_IN_FRAMEWORK_HEADER = YES;
				CLANG_WARN_RANGE_LOOP_ANALYSIS = YES;
				CLANG_WARN_STRICT_PROTOTYPES = YES;
				CLANG_WARN_SUSPICIOUS_MOVE = YES;
				CLANG_WARN_UNGUARDED_AVAILABILITY = YES_AGGRESSIVE;
				CLANG_WARN_UNREACHABLE_CODE = YES;
				CLANG_WARN__DUPLICATE_METHOD_MATCH = YES;
				COPY_PHASE_STRIP = NO;
				DEBUG_INFORMATION_FORMAT = "dwarf-with-dsym";
				DEVELOPMENT_TEAM = 278P6L85U8;
				ENABLE_NS_ASSERTIONS = NO;
				ENABLE_STRICT_OBJC_MSGSEND = YES;
				ENABLE_USER_SCRIPT_SANDBOXING = YES;
				GCC_C_LANGUAGE_STANDARD = gnu17;
				GCC_NO_COMMON_BLOCKS = YES;
				GCC_WARN_64_TO_32_BIT_CONVERSION = YES;
				GCC_WARN_ABOUT_RETURN_TYPE = YES_ERROR;
				GCC_WARN_UNDECLARED_SELECTOR = YES;
				GCC_WARN_UNINITIALIZED_AUTOS = YES_AGGRESSIVE;
				GCC_WARN_UNUSED_FUNCTION = YES;
				GCC_WARN_UNUSED_VARIABLE = YES;
				IPHONEOS_DEPLOYMENT_TARGET = 26.0;
				LOCALIZATION_PREFERS_STRING_CATALOGS = YES;
				MTL_ENABLE_DEBUG_INFO = NO;
				MTL_FAST_MATH = YES;
				SDKROOT = iphoneos;
				STRING_CATALOG_GENERATE_SYMBOLS = YES;
				SWIFT_COMPILATION_MODE = wholemodule;
				VALIDATE_PRODUCT = YES;
			};
			name = Release;
		};
		84A0EA562EB4E494007FEE93 /* Debug */ = {
			isa = XCBuildConfiguration;
			buildSettings = {
				ASSETCATALOG_COMPILER_APPICON_NAME = AppIcon;
				ASSETCATALOG_COMPILER_GLOBAL_ACCENT_COLOR_NAME = AccentColor;
				CODE_SIGN_STYLE = Automatic;
				CURRENT_PROJECT_VERSION = 1;
				DEVELOPMENT_TEAM = 278P6L85U8;
				ENABLE_PREVIEWS = YES;
				GENERATE_INFOPLIST_FILE = YES;
				INFOPLIST_KEY_UIApplicationSceneManifest_Generation = YES;
				INFOPLIST_KEY_UIApplicationSupportsIndirectInputEvents = YES;
				INFOPLIST_KEY_UILaunchScreen_Generation = YES;
				INFOPLIST_KEY_UISupportedInterfaceOrientations_iPad = "UIInterfaceOrientationPortrait UIInterfaceOrientationPortraitUpsideDown UIInterfaceOrientationLandscapeLeft UIInterfaceOrientationLandscapeRight";
				INFOPLIST_KEY_UISupportedInterfaceOrientations_iPhone = "UIInterfaceOrientationPortrait UIInterfaceOrientationLandscapeLeft UIInterfaceOrientationLandscapeRight";
				LD_RUNPATH_SEARCH_PATHS = (
					"$(inherited)",
					"@executable_path/Frameworks",
				);
				MARKETING_VERSION = 1.0;
				PRODUCT_BUNDLE_IDENTIFIER = com.dianars.Ejercicio1Music;
				PRODUCT_NAME = "$(TARGET_NAME)";
				STRING_CATALOG_GENERATE_SYMBOLS = YES;
				SWIFT_APPROACHABLE_CONCURRENCY = YES;
				SWIFT_DEFAULT_ACTOR_ISOLATION = MainActor;
				SWIFT_EMIT_LOC_STRINGS = YES;
				SWIFT_UPCOMING_FEATURE_MEMBER_IMPORT_VISIBILITY = YES;
				SWIFT_VERSION = 5.0;
				TARGETED_DEVICE_FAMILY = "1,2";
			};
			name = Debug;
		};
		84A0EA572EB4E494007FEE93 /* Release */ = {
			isa = XCBuildConfiguration;
			buildSettings = {
				ASSETCATALOG_COMPILER_APPICON_NAME = AppIcon;
				ASSETCATALOG_COMPILER_GLOBAL_ACCENT_COLOR_NAME = AccentColor;
				CODE_SIGN_STYLE = Automatic;
				CURRENT_PROJECT_VERSION = 1;
				DEVELOPMENT_TEAM = 278P6L85U8;
				ENABLE_PREVIEWS = YES;
				GENERATE_INFOPLIST_FILE = YES;
				INFOPLIST_KEY_UIApplicationSceneManifest_Generation = YES;
				INFOPLIST_KEY_UIApplicationSupportsIndirectInputEvents = YES;
				INFOPLIST_KEY_UILaunchScreen_Generation = YES;
				INFOPLIST_KEY_UISupportedInterfaceOrientations_iPad = "UIInterfaceOrientationPortrait UIInterfaceOrientationPortraitUpsideDown UIInterfaceOrientationLandscapeLeft UIInterfaceOrientationLandscapeRight";
				INFOPLIST_KEY_UISupportedInterfaceOrientations_iPhone = "UIInterfaceOrientationPortrait UIInterfaceOrientationLandscapeLeft UIInterfaceOrientationLandscapeRight";
				LD_RUNPATH_SEARCH_PATHS = (
					"$(inherited)",
					"@executable_path/Frameworks",
				);
				MARKETING_VERSION = 1.0;
				PRODUCT_BUNDLE_IDENTIFIER = com.dianars.Ejercicio1Music;
				PRODUCT_NAME = "$(TARGET_NAME)";
				STRING_CATALOG_GENERATE_SYMBOLS = YES;
				SWIFT_APPROACHABLE_CONCURRENCY = YES;
				SWIFT_DEFAULT_ACTOR_ISOLATION = MainActor;
				SWIFT_EMIT_LOC_STRINGS = YES;
				SWIFT_UPCOMING_FEATURE_MEMBER_IMPORT_VISIBILITY = YES;
				SWIFT_VERSION = 5.0;
				TARGETED_DEVICE_FAMILY = "1,2";
			};
			name = Release;
		};
/* End XCBuildConfiguration section */

/* Begin XCConfigurationList section */
		84A0EA452EB4E492007FEE93 /* Build configuration list for PBXProject "Ejercicio1Music" */ = {
			isa = XCConfigurationList;
			buildConfigurations = (
				84A0EA532EB4E494007FEE93 /* Debug */,
				84A0EA542EB4E494007FEE93 /* Release */,
			);
			defaultConfigurationIsVisible = 0;
			defaultConfigurationName = Release;
		};
		84A0EA552EB4E494007FEE93 /* Build configuration list for PBXNativeTarget "Ejercicio1Music" */ = {
			isa = XCConfigurationList;
			buildConfigurations = (
				84A0EA562EB4E494007FEE93 /* Debug */,
				84A0EA572EB4E494007FEE93 /* Release */,
			);
			defaultConfigurationIsVisible = 0;
			defaultConfigurationName = Release;
		};
/* End XCConfigurationList section */
	};
	rootObject = 84A0EA422EB4E492007FEE93 /* Project object */;
}
