// !$*UTF8*$!
{
	archiveVersion = 1;
	classes = {
	};
	objectVersion = 77;
	objects = {

/* Begin PBXBuildFile section */
		849FE8202F51571500547C14 /* Assets.xcassets in Resources */ = {isa = PBXBuildFile; fileRef = 849FE8172F51571500547C14 /* Assets.xcassets */; };
		849FE8212F51571500547C14 /* ContentView.swift in Sources */ = {isa = PBXBuildFile; fileRef = 849FE8182F51571500547C14 /* ContentView.swift */; };
		849FE8222F51571500547C14 /* Ejercicio5SuperHeroesApp.swift in Sources */ = {isa = PBXBuildFile; fileRef = 849FE8192F51571500547C14 /* Ejercicio5SuperHeroesApp.swift */; };
		849FE8232F51571500547C14 /* HeroGradientBackground.swift in Sources */ = {isa = PBXBuildFile; fileRef = 849FE81A2F51571500547C14 /* HeroGradientBackground.swift */; };
		849FE8242F51571500547C14 /* Poderes.swift in Sources */ = {isa = PBXBuildFile; fileRef = 849FE81B2F51571500547C14 /* Poderes.swift */; };
		849FE8252F51571500547C14 /* SuperHeroeCard.swift in Sources */ = {isa = PBXBuildFile; fileRef = 849FE81C2F51571500547C14 /* SuperHeroeCard.swift */; };
		849FE8262F51571500547C14 /* SuperHeroeDetail.swift in Sources */ = {isa = PBXBuildFile; fileRef = 849FE81D2F51571500547C14 /* SuperHeroeDetail.swift */; };
		849FE8272F51571500547C14 /* SuperHeroesData.swift in Sources */ = {isa = PBXBuildFile; fileRef = 849FE81E2F51571500547C14 /* SuperHeroesData.swift */; };
/* End PBXBuildFile section */

/* Begin PBXFileReference section */
		849FE8172F51571500547C14 /* Assets.xcassets */ = {isa = PBXFileReference; lastKnownFileType = folder.assetcatalog; path = Assets.xcassets; sourceTree = "<group>"; };
		849FE8182F51571500547C14 /* ContentView.swift */ = {isa = PBXFileReference; lastKnownFileType = sourcecode.swift; path = ContentView.swift; sourceTree = "<group>"; };
		849FE8192F51571500547C14 /* Ejercicio5SuperHeroesApp.swift */ = {isa = PBXFileReference; lastKnownFileType = sourcecode.swift; path = Ejercicio5SuperHeroesApp.swift; sourceTree = "<group>"; };
		849FE81A2F51571500547C14 /* HeroGradientBackground.swift */ = {isa = PBXFileReference; lastKnownFileType = sourcecode.swift; path = HeroGradientBackground.swift; sourceTree = "<group>"; };
		849FE81B2F51571500547C14 /* Poderes.swift */ = {isa = PBXFileReference; lastKnownFileType = sourcecode.swift; path = Poderes.swift; sourceTree = "<group>"; };
		849FE81C2F51571500547C14 /* SuperHeroeCard.swift */ = {isa = PBXFileReference; lastKnownFileType = sourcecode.swift; path = SuperHeroeCard.swift; sourceTree = "<group>"; };
		849FE81D2F51571500547C14 /* SuperHeroeDetail.swift */ = {isa = PBXFileReference; lastKnownFileType = sourcecode.swift; path = SuperHeroeDetail.swift; sourceTree = "<group>"; };
		849FE81E2F51571500547C14 /* SuperHeroesData.swift */ = {isa = PBXFileReference; lastKnownFileType = sourcecode.swift; path = SuperHeroesData.swift; sourceTree = "<group>"; };
		84A0EAEB2EB82318007FEE93 /* Ejercicio5SuperHeroes.app */ = {isa = PBXFileReference; explicitFileType = wrapper.application; includeInIndex = 0; path = Ejercicio5SuperHeroes.app; sourceTree = BUILT_PRODUCTS_DIR; };
/* End PBXFileReference section */

/* Begin PBXFrameworksBuildPhase section */
		84A0EAE82EB82318007FEE93 /* Frameworks */ = {
			isa = PBXFrameworksBuildPhase;
			buildActionMask = 2147483647;
			files = (
			);
			runOnlyForDeploymentPostprocessing = 0;
		};
/* End PBXFrameworksBuildPhase section */

/* Begin PBXGroup section */
		849FE81F2F51571500547C14 /* Ejercicio5SuperHeroes */ = {
			isa = PBXGroup;
			children = (
				849FE8192F51571500547C14 /* Ejercicio5SuperHeroesApp.swift */,
				849FE8182F51571500547C14 /* ContentView.swift */,
				849FE8282F51571A00547C14 /* Components */,
				849FE81B2F51571500547C14 /* Poderes.swift */,
				849FE81E2F51571500547C14 /* SuperHeroesData.swift */,
				849FE8172F51571500547C14 /* Assets.xcassets */,
			);
			path = Ejercicio5SuperHeroes;
			sourceTree = "<group>";
		};
		849FE8282F51571A00547C14 /* Components */ = {
			isa = PBXGroup;
			children = (
				849FE81A2F51571500547C14 /* HeroGradientBackground.swift */,
				849FE81C2F51571500547C14 /* SuperHeroeCard.swift */,
				849FE81D2F51571500547C14 /* SuperHeroeDetail.swift */,
			);
			path = Components;
			sourceTree = "<group>";
		};
		84A0EAE22EB82318007FEE93 = {
			isa = PBXGroup;
			children = (
				849FE81F2F51571500547C14 /* Ejercicio5SuperHeroes */,
				84A0EAEC2EB82318007FEE93 /* Products */,
			);
			sourceTree = "<group>";
		};
		84A0EAEC2EB82318007FEE93 /* Products */ = {
			isa = PBXGroup;
			children = (
				84A0EAEB2EB82318007FEE93 /* Ejercicio5SuperHeroes.app */,
			);
			name = Products;
			sourceTree = "<group>";
		};
/* End PBXGroup section */

/* Begin PBXNativeTarget section */
		84A0EAEA2EB82318007FEE93 /* Ejercicio5SuperHeroes */ = {
			isa = PBXNativeTarget;
			buildConfigurationList = 84A0EAF62EB8231A007FEE93 /* Build configuration list for PBXNativeTarget "Ejercicio5SuperHeroes" */;
			buildPhases = (
				84A0EAE72EB82318007FEE93 /* Sources */,
				84A0EAE82EB82318007FEE93 /* Frameworks */,
				84A0EAE92EB82318007FEE93 /* Resources */,
			);
			buildRules = (
			);
			dependencies = (
			);
			name = Ejercicio5SuperHeroes;
			packageProductDependencies = (
			);
			productName = Ejercicio5SuperHeroes;
			productReference = 84A0EAEB2EB82318007FEE93 /* Ejercicio5SuperHeroes.app */;
			productType = "com.apple.product-type.application";
		};
/* End PBXNativeTarget section */

/* Begin PBXProject section */
		84A0EAE32EB82318007FEE93 /* Project object */ = {
			isa = PBXProject;
			attributes = {
				BuildIndependentTargetsInParallel = 1;
				LastSwiftUpdateCheck = 2600;
				LastUpgradeCheck = 2620;
				TargetAttributes = {
					84A0EAEA2EB82318007FEE93 = {
						CreatedOnToolsVersion = 26.0.1;
					};
				};
			};
			buildConfigurationList = 84A0EAE62EB82318007FEE93 /* Build configuration list for PBXProject "Ejercicio5SuperHeroes" */;
			developmentRegion = en;
			hasScannedForEncodings = 0;
			knownRegions = (
				en,
				Base,
			);
			mainGroup = 84A0EAE22EB82318007FEE93;
			minimizedProjectReferenceProxies = 1;
			preferredProjectObjectVersion = 77;
			productRefGroup = 84A0EAEC2EB82318007FEE93 /* Products */;
			projectDirPath = "";
			projectRoot = "";
			targets = (
				84A0EAEA2EB82318007FEE93 /* Ejercicio5SuperHeroes */,
			);
		};
/* End PBXProject section */

/* Begin PBXResourcesBuildPhase section */
		84A0EAE92EB82318007FEE93 /* Resources */ = {
			isa = PBXResourcesBuildPhase;
			buildActionMask = 2147483647;
			files = (
				849FE8202F51571500547C14 /* Assets.xcassets in Resources */,
			);
			runOnlyForDeploymentPostprocessing = 0;
		};
/* End PBXResourcesBuildPhase section */

/* Begin PBXSourcesBuildPhase section */
		84A0EAE72EB82318007FEE93 /* Sources */ = {
			isa = PBXSourcesBuildPhase;
			buildActionMask = 2147483647;
			files = (
				849FE8212F51571500547C14 /* ContentView.swift in Sources */,
				849FE8222F51571500547C14 /* Ejercicio5SuperHeroesApp.swift in Sources */,
				849FE8232F51571500547C14 /* HeroGradientBackground.swift in Sources */,
				849FE8242F51571500547C14 /* Poderes.swift in Sources */,
				849FE8252F51571500547C14 /* SuperHeroeCard.swift in Sources */,
				849FE8262F51571500547C14 /* SuperHeroeDetail.swift in Sources */,
				849FE8272F51571500547C14 /* SuperHeroesData.swift in Sources */,
			);
			runOnlyForDeploymentPostprocessing = 0;
		};
/* End PBXSourcesBuildPhase section */

/* Begin XCBuildConfiguration section */
		84A0EAF42EB8231A007FEE93 /* Debug */ = {
			isa = XCBuildConfiguration;
			buildSettings = {
				ALWAYS_SEARCH_USER_PATHS = NO;
				ASSETCATALOG_COMPILER_GENERATE_SWIFT_ASSET_SYMBOL_EXTENSIONS = YES;
				CLANG_ANALYZER_NONNULL = YES;
				CLANG_ANALYZER_NUMBER_OBJECT_CONVERSION = YES_AGGRESSIVE;
				CLANG_CXX_LANGUAGE_STANDARD = "gnu++20";
				CLANG_ENABLE_MODULES = YES;
				CLANG_ENABLE_OBJC_ARC = YES;
				CLANG_ENABLE_OBJC_WEAK = YES;
				CLANG_WARN_BLOCK_CAPTURE_AUTORELEASING = YES;
				CLANG_WARN_BOOL_CONVERSION = YES;
				CLANG_WARN_COMMA = YES;
				CLANG_WARN_CONSTANT_CONVERSION = YES;
				CLANG_WARN_DEPRECATED_OBJC_IMPLEMENTATIONS = YES;
				CLANG_WARN_DIRECT_OBJC_ISA_USAGE = YES_ERROR;
				CLANG_WARN_DOCUMENTATION_COMMENTS = YES;
				CLANG_WARN_EMPTY_BODY = YES;
				CLANG_WARN_ENUM_CONVERSION = YES;
				CLANG_WARN_INFINITE_RECURSION = YES;
				CLANG_WARN_INT_CONVERSION = YES;
				CLANG_WARN_NON_LITERAL_NULL_CONVERSION = YES;
				CLANG_WARN_OBJC_IMPLICIT_RETAIN_SELF = YES;
				CLANG_WARN_OBJC_LITERAL_CONVERSION = YES;
				CLANG_WARN_OBJC_ROOT_CLASS = YES_ERROR;
				CLANG_WARN_QUOTED_INCLUDE_IN_FRAMEWORK_HEADER = YES;
				CLANG_WARN_RANGE_LOOP_ANALYSIS = YES;
				CLANG_WARN_STRICT_PROTOTYPES = YES;
				CLANG_WARN_SUSPICIOUS_MOVE = YES;
				CLANG_WARN_UNGUARDED_AVAILABILITY = YES_AGGRESSIVE;
				CLANG_WARN_UNREACHABLE_CODE = YES;
				CLANG_WARN__DUPLICATE_METHOD_MATCH = YES;
				COPY_PHASE_STRIP = NO;
				DEBUG_INFORMATION_FORMAT = dwarf;
				DEVELOPMENT_TEAM = 278P6L85U8;
				ENABLE_STRICT_OBJC_MSGSEND = YES;
				ENABLE_TESTABILITY = YES;
				ENABLE_USER_SCRIPT_SANDBOXING = YES;
				GCC_C_LANGUAGE_STANDARD = gnu17;
				GCC_DYNAMIC_NO_PIC = NO;
				GCC_NO_COMMON_BLOCKS = YES;
				GCC_OPTIMIZATION_LEVEL = 0;
				GCC_PREPROCESSOR_DEFINITIONS = (
					"DEBUG=1",
					"$(inherited)",
				);
				GCC_WARN_64_TO_32_BIT_CONVERSION = YES;
				GCC_WARN_ABOUT_RETURN_TYPE = YES_ERROR;
				GCC_WARN_UNDECLARED_SELECTOR = YES;
				GCC_WARN_UNINITIALIZED_AUTOS = YES_AGGRESSIVE;
				GCC_WARN_UNUSED_FUNCTION = YES;
				GCC_WARN_UNUSED_VARIABLE = YES;
				IPHONEOS_DEPLOYMENT_TARGET = 26.0;
				LOCALIZATION_PREFERS_STRING_CATALOGS = YES;
				MTL_ENABLE_DEBUG_INFO = INCLUDE_SOURCE;
				MTL_FAST_MATH = YES;
				ONLY_ACTIVE_ARCH = YES;
				SDKROOT = iphoneos;
				STRING_CATALOG_GENERATE_SYMBOLS = YES;
				SWIFT_ACTIVE_COMPILATION_CONDITIONS = "DEBUG $(inherited)";
				SWIFT_OPTIMIZATION_LEVEL = "-Onone";
			};
			name = Debug;
		};
		84A0EAF52EB8231A007FEE93 /* Release */ = {
			isa = XCBuildConfiguration;
			buildSettings = {
				ALWAYS_SEARCH_USER_PATHS = NO;
				ASSETCATALOG_COMPILER_GENERATE_SWIFT_ASSET_SYMBOL_EXTENSIONS = YES;
				CLANG_ANALYZER_NONNULL = YES;
				CLANG_ANALYZER_NUMBER_OBJECT_CONVERSION = YES_AGGRESSIVE;
				CLANG_CXX_LANGUAGE_STANDARD = "gnu++20";
				CLANG_ENABLE_MODULES = YES;
				CLANG_ENABLE_OBJC_ARC = YES;
				CLANG_ENABLE_OBJC_WEAK = YES;
				CLANG_WARN_BLOCK_CAPTURE_AUTORELEASING = YES;
				CLANG_WARN_BOOL_CONVERSION = YES;
				CLANG_WARN_COMMA = YES;
				CLANG_WARN_CONSTANT_CONVERSION = YES;
				CLANG_WARN_DEPRECATED_OBJC_IMPLEMENTATIONS = YES;
				CLANG_WARN_DIRECT_OBJC_ISA_USAGE = YES_ERROR;
				CLANG_WARN_DOCUMENTATION_COMMENTS = YES;
				CLANG_WARN_EMPTY_BODY = YES;
				CLANG_WARN_ENUM_CONVERSION = YES;
				CLANG_WARN_INFINITE_RECURSION = YES;
				CLANG_WARN_INT_CONVERSION = YES;
				CLANG_WARN_NON_LITERAL_NULL_CONVERSION = YES;
				CLANG_WARN_OBJC_IMPLICIT_RETAIN_SELF = YES;
				CLANG_WARN_OBJC_LITERAL_CONVERSION = YES;
				CLANG_WARN_OBJC_ROOT_CLASS = YES_ERROR;
				CLANG_WARN_QUOTED_INCLUDE_IN_FRAMEWORK_HEADER = YES;
				CLANG_WARN_RANGE_LOOP_ANALYSIS = YES;
				CLANG_WARN_STRICT_PROTOTYPES = YES;
				CLANG_WARN_SUSPICIOUS_MOVE = YES;
				CLANG_WARN_UNGUARDED_AVAILABILITY = YES_AGGRESSIVE;
				CLANG_WARN_UNREACHABLE_CODE = YES;
				CLANG_WARN__DUPLICATE_METHOD_MATCH = YES;
				COPY_PHASE_STRIP = NO;
				DEBUG_INFORMATION_FORMAT = "dwarf-with-dsym";
				DEVELOPMENT_TEAM = 278P6L85U8;
				ENABLE_NS_ASSERTIONS = NO;
				ENABLE_STRICT_OBJC_MSGSEND = YES;
				ENABLE_USER_SCRIPT_SANDBOXING = YES;
				GCC_C_LANGUAGE_STANDARD = gnu17;
				GCC_NO_COMMON_BLOCKS = YES;
				GCC_WARN_64_TO_32_BIT_CONVERSION = YES;
				GCC_WARN_ABOUT_RETURN_TYPE = YES_ERROR;
				GCC_WARN_UNDECLARED_SELECTOR = YES;
				GCC_WARN_UNINITIALIZED_AUTOS = YES_AGGRESSIVE;
				GCC_WARN_UNUSED_FUNCTION = YES;
				GCC_WARN_UNUSED_VARIABLE = YES;
				IPHONEOS_DEPLOYMENT_TARGET = 26.0;
				LOCALIZATION_PREFERS_STRING_CATALOGS = YES;
				MTL_ENABLE_DEBUG_INFO = NO;
				MTL_FAST_MATH = YES;
				SDKROOT = iphoneos;
				STRING_CATALOG_GENERATE_SYMBOLS = YES;
				SWIFT_COMPILATION_MODE = wholemodule;
				VALIDATE_PRODUCT = YES;
			};
			name = Release;
		};
		84A0EAF72EB8231A007FEE93 /* Debug */ = {
			isa = XCBuildConfiguration;
			buildSettings = {
				ASSETCATALOG_COMPILER_APPICON_NAME = AppIcon;
				ASSETCATALOG_COMPILER_GLOBAL_ACCENT_COLOR_NAME = AccentColor;
				CODE_SIGN_STYLE = Automatic;
				CURRENT_PROJECT_VERSION = 1;
				DEVELOPMENT_TEAM = 278P6L85U8;
				ENABLE_PREVIEWS = YES;
				GENERATE_INFOPLIST_FILE = YES;
				INFOPLIST_KEY_UIApplicationSceneManifest_Generation = YES;
				INFOPLIST_KEY_UIApplicationSupportsIndirectInputEvents = YES;
				INFOPLIST_KEY_UILaunchScreen_Generation = YES;
				INFOPLIST_KEY_UISupportedInterfaceOrientations_iPad = "UIInterfaceOrientationPortrait UIInterfaceOrientationPortraitUpsideDown UIInterfaceOrientationLandscapeLeft UIInterfaceOrientationLandscapeRight";
				INFOPLIST_KEY_UISupportedInterfaceOrientations_iPhone = "UIInterfaceOrientationPortrait UIInterfaceOrientationLandscapeLeft UIInterfaceOrientationLandscapeRight";
				LD_RUNPATH_SEARCH_PATHS = (
					"$(inherited)",
					"@executable_path/Frameworks",
				);
				MARKETING_VERSION = 1.0;
				PRODUCT_BUNDLE_IDENTIFIER = com.dianars.Ejercicio5SuperHeroes;
				PRODUCT_NAME = "$(TARGET_NAME)";
				STRING_CATALOG_GENERATE_SYMBOLS = YES;
				SWIFT_APPROACHABLE_CONCURRENCY = YES;
				SWIFT_DEFAULT_ACTOR_ISOLATION = MainActor;
				SWIFT_EMIT_LOC_STRINGS = YES;
				SWIFT_UPCOMING_FEATURE_MEMBER_IMPORT_VISIBILITY = YES;
				SWIFT_VERSION = 5.0;
				TARGETED_DEVICE_FAMILY = "1,2";
			};
			name = Debug;
		};
		84A0EAF82EB8231A007FEE93 /* Release */ = {
			isa = XCBuildConfiguration;
			buildSettings = {
				ASSETCATALOG_COMPILER_APPICON_NAME = AppIcon;
				ASSETCATALOG_COMPILER_GLOBAL_ACCENT_COLOR_NAME = AccentColor;
				CODE_SIGN_STYLE = Automatic;
				CURRENT_PROJECT_VERSION = 1;
				DEVELOPMENT_TEAM = 278P6L85U8;
				ENABLE_PREVIEWS = YES;
				GENERATE_INFOPLIST_FILE = YES;
				INFOPLIST_KEY_UIApplicationSceneManifest_Generation = YES;
				INFOPLIST_KEY_UIApplicationSupportsIndirectInputEvents = YES;
				INFOPLIST_KEY_UILaunchScreen_Generation = YES;
				INFOPLIST_KEY_UISupportedInterfaceOrientations_iPad = "UIInterfaceOrientationPortrait UIInterfaceOrientationPortraitUpsideDown UIInterfaceOrientationLandscapeLeft UIInterfaceOrientationLandscapeRight";
				INFOPLIST_KEY_UISupportedInterfaceOrientations_iPhone = "UIInterfaceOrientationPortrait UIInterfaceOrientationLandscapeLeft UIInterfaceOrientationLandscapeRight";
				LD_RUNPATH_SEARCH_PATHS = (
					"$(inherited)",
					"@executable_path/Frameworks",
				);
				MARKETING_VERSION = 1.0;
				PRODUCT_BUNDLE_IDENTIFIER = com.dianars.Ejercicio5SuperHeroes;
				PRODUCT_NAME = "$(TARGET_NAME)";
				STRING_CATALOG_GENERATE_SYMBOLS = YES;
				SWIFT_APPROACHABLE_CONCURRENCY = YES;
				SWIFT_DEFAULT_ACTOR_ISOLATION = MainActor;
				SWIFT_EMIT_LOC_STRINGS = YES;
				SWIFT_UPCOMING_FEATURE_MEMBER_IMPORT_VISIBILITY = YES;
				SWIFT_VERSION = 5.0;
				TARGETED_DEVICE_FAMILY = "1,2";
			};
			name = Release;
		};
/* End XCBuildConfiguration section */

/* Begin XCConfigurationList section */
		84A0EAE62EB82318007FEE93 /* Build configuration list for PBXProject "Ejercicio5SuperHeroes" */ = {
			isa = XCConfigurationList;
			buildConfigurations = (
				84A0EAF42EB8231A007FEE93 /* Debug */,
				84A0EAF52EB8231A007FEE93 /* Release */,
			);
			defaultConfigurationIsVisible = 0;
			defaultConfigurationName = Release;
		};
		84A0EAF62EB8231A007FEE93 /* Build configuration list for PBXNativeTarget "Ejercicio5SuperHeroes" */ = {
			isa = XCConfigurationList;
			buildConfigurations = (
				84A0EAF72EB8231A007FEE93 /* Debug */,
				84A0EAF82EB8231A007FEE93 /* Release */,
			);
			defaultConfigurationIsVisible = 0;
			defaultConfigurationName = Release;
		};
/* End XCConfigurationList section */
	};
	rootObject = 84A0EAE32EB82318007FEE93 /* Project object */;
}
